
Microsoft Visual Studio Solution File, Format Version 12.00
# Visual Studio Version 17
VisualStudioVersion = 17.13.35919.96
MinimumVisualStudioVersion = 10.0.40219.1
Project("{FAE04EC0-301F-11D3-BF4B-00C04F79EFBC}") = "Paymob.Net", "Paymob.Net\Paymob.Net.csproj", "{02318C67-E13F-4451-A848-A70B1A844F79}"
EndProject
Project("{FAE04EC0-301F-11D3-BF4B-00C04F79EFBC}") = "Paymob.Net.IntegrationTests", "Paymob.Net.IntegrationTests\Paymob.Net.IntegrationTests.csproj", "{A2BBD45A-876D-4E1B-A476-DE17D9B14B2F}"
EndProject
Global
	GlobalSection(SolutionConfigurationPlatforms) = preSolution
		Debug|Any CPU = Debug|Any CPU
		Release|Any CPU = Release|Any CPU
	EndGlobalSection
	GlobalSection(ProjectConfigurationPlatforms) = postSolution
		{02318C67-E13F-4451-A848-A70B1A844F79}.Debug|Any CPU.ActiveCfg = Debug|Any CPU
		{02318C67-E13F-4451-A848-A70B1A844F79}.Debug|Any CPU.Build.0 = Debug|Any CPU
		{02318C67-E13F-4451-A848-A70B1A844F79}.Release|Any CPU.ActiveCfg = Release|Any CPU
		{02318C67-E13F-4451-A848-A70B1A844F79}.Release|Any CPU.Build.0 = Release|Any CPU
		{A2BBD45A-876D-4E1B-A476-DE17D9B14B2F}.Debug|Any CPU.ActiveCfg = Debug|Any CPU
		{A2BBD45A-876D-4E1B-A476-DE17D9B14B2F}.Debug|Any CPU.Build.0 = Debug|Any CPU
		{A2BBD45A-876D-4E1B-A476-DE17D9B14B2F}.Release|Any CPU.ActiveCfg = Release|Any CPU
		{A2BBD45A-876D-4E1B-A476-DE17D9B14B2F}.Release|Any CPU.Build.0 = Release|Any CPU
	EndGlobalSection
	GlobalSection(SolutionProperties) = preSolution
		HideSolutionNode = FALSE
	EndGlobalSection
	GlobalSection(ExtensibilityGlobals) = postSolution
		SolutionGuid = {C3BB04B7-3860-4D94-B4D0-0E7A4A621FF6}
	EndGlobalSection
EndGlobal
